
Microsoft Visual Studio Solution File, Format Version 12.00
# Visual Studio Version 16
VisualStudioVersion = 16.0.31424.327
MinimumVisualStudioVersion = 10.0.40219.1
Project("{FAE04EC0-301F-11D3-BF4B-00C04F79EFBC}") = "Lab01_OOP", "Lab01_OOP\Lab01_OOP.csproj", "{83DEF8D9-8042-4628-8E25-1DF23EF1907A}"
EndProject
Global
	GlobalSection(SolutionConfigurationPlatforms) = preSolution
		Debug|Any CPU = Debug|Any CPU
		Release|Any CPU = Release|Any CPU
	EndGlobalSection
	GlobalSection(ProjectConfigurationPlatforms) = postSolution
		{83DEF8D9-8042-4628-8E25-1DF23EF1907A}.Debug|Any CPU.ActiveCfg = Debug|Any CPU
		{83DEF8D9-8042-4628-8E25-1DF23EF1907A}.Debug|Any CPU.Build.0 = Debug|Any CPU
		{83DEF8D9-8042-4628-8E25-1DF23EF1907A}.Release|Any CPU.ActiveCfg = Release|Any CPU
		{83DEF8D9-8042-4628-8E25-1DF23EF1907A}.Release|Any CPU.Build.0 = Release|Any CPU
	EndGlobalSection
	GlobalSection(SolutionProperties) = preSolution
		HideSolutionNode = FALSE
	EndGlobalSection
	GlobalSection(ExtensibilityGlobals) = postSolution
		SolutionGuid = {DEE547AA-F603-4572-A440-55A77CDFC982}
	EndGlobalSection
EndGlobal
